
Microsoft Visual Studio Solution File, Format Version 12.00
# Visual Studio 14
VisualStudioVersion = 14.0.25123.0
MinimumVisualStudioVersion = 10.0.40219.1
Project("{FAE04EC0-301F-11D3-BF4B-00C04F79EFBC}") = "Sigeko.CuckooClock.iOS", "Sigeko.CuckooClock\Sigeko.CuckooClock.iOS\Sigeko.CuckooClock.iOS.csproj", "{91B340BE-2E13-44A7-B08A-2124D1635B7B}"
EndProject
Project("{FAE04EC0-301F-11D3-BF4B-00C04F79EFBC}") = "Sigeko.CuckooClock", "Sigeko.CuckooClock\Sigeko.CuckooClock\Sigeko.CuckooClock.csproj", "{F2BE8901-7A7D-4ED8-8934-C59C4C624271}"
EndProject
Project("{FAE04EC0-301F-11D3-BF4B-00C04F79EFBC}") = "Sigeko.AppFramework", "Sigeko.CuckooClock\Sigeko.AppFramework\Sigeko.AppFramework.csproj", "{67F9D3A8-F71E-4428-913F-C37AE82CDB24}"
EndProject
Project("{FAE04EC0-301F-11D3-BF4B-00C04F79EFBC}") = "Sigeko.CuckooClock.Droid", "Sigeko.CuckooClock\Sigeko.CuckooClock.Droid\Sigeko.CuckooClock.Droid.csproj", "{530CBFD3-0084-4FDB-ABFB-13B6AA9293E7}"
EndProject
Project("{FAE04EC0-301F-11D3-BF4B-00C04F79EFBC}") = "BluetoothLE.Core", "Sigeko.CuckooClock\BluetoothLE.Core\BluetoothLE.Core.csproj", "{EBD23762-16B0-4C51-9ACC-1917C2E2DD64}"
EndProject
Project("{FAE04EC0-301F-11D3-BF4B-00C04F79EFBC}") = "BluetoothLE.Droid", "Sigeko.CuckooClock\BluetoothLE.Droid\BluetoothLE.Droid.csproj", "{BEDC9B01-4519-4607-BCAB-3700ACDF405E}"
EndProject
Project("{FAE04EC0-301F-11D3-BF4B-00C04F79EFBC}") = "BluetoothLE.iOS", "Sigeko.CuckooClock\BluetoothLE.iOS\BluetoothLE.iOS.csproj", "{8B611332-9D09-4D47-AB7F-DA1A4E2CDF24}"
EndProject
Global
	GlobalSection(SolutionConfigurationPlatforms) = preSolution
		Ad-Hoc|Any CPU = Ad-Hoc|Any CPU
		Ad-Hoc|ARM = Ad-Hoc|ARM
		Ad-Hoc|iPhone = Ad-Hoc|iPhone
		Ad-Hoc|iPhoneSimulator = Ad-Hoc|iPhoneSimulator
		Ad-Hoc|x64 = Ad-Hoc|x64
		Ad-Hoc|x86 = Ad-Hoc|x86
		AppStore|Any CPU = AppStore|Any CPU
		AppStore|ARM = AppStore|ARM
		AppStore|iPhone = AppStore|iPhone
		AppStore|iPhoneSimulator = AppStore|iPhoneSimulator
		AppStore|x64 = AppStore|x64
		AppStore|x86 = AppStore|x86
		Debug|Any CPU = Debug|Any CPU
		Debug|ARM = Debug|ARM
		Debug|iPhone = Debug|iPhone
		Debug|iPhoneSimulator = Debug|iPhoneSimulator
		Debug|x64 = Debug|x64
		Debug|x86 = Debug|x86
		Release|Any CPU = Release|Any CPU
		Release|ARM = Release|ARM
		Release|iPhone = Release|iPhone
		Release|iPhoneSimulator = Release|iPhoneSimulator
		Release|x64 = Release|x64
		Release|x86 = Release|x86
	EndGlobalSection
	GlobalSection(ProjectConfigurationPlatforms) = postSolution
		{91B340BE-2E13-44A7-B08A-2124D1635B7B}.Ad-Hoc|Any CPU.ActiveCfg = Ad-Hoc|iPhone
		{91B340BE-2E13-44A7-B08A-2124D1635B7B}.Ad-Hoc|ARM.ActiveCfg = Ad-Hoc|iPhone
		{91B340BE-2E13-44A7-B08A-2124D1635B7B}.Ad-Hoc|iPhone.ActiveCfg = Ad-Hoc|iPhone
		{91B340BE-2E13-44A7-B08A-2124D1635B7B}.Ad-Hoc|iPhone.Build.0 = Ad-Hoc|iPhone
		{91B340BE-2E13-44A7-B08A-2124D1635B7B}.Ad-Hoc|iPhoneSimulator.ActiveCfg = Ad-Hoc|iPhoneSimulator
		{91B340BE-2E13-44A7-B08A-2124D1635B7B}.Ad-Hoc|iPhoneSimulator.Build.0 = Ad-Hoc|iPhoneSimulator
		{91B340BE-2E13-44A7-B08A-2124D1635B7B}.Ad-Hoc|x64.ActiveCfg = Ad-Hoc|iPhone
		{91B340BE-2E13-44A7-B08A-2124D1635B7B}.Ad-Hoc|x86.ActiveCfg = Ad-Hoc|iPhone
		{91B340BE-2E13-44A7-B08A-2124D1635B7B}.AppStore|Any CPU.ActiveCfg = AppStore|iPhone
		{91B340BE-2E13-44A7-B08A-2124D1635B7B}.AppStore|ARM.ActiveCfg = AppStore|iPhone
		{91B340BE-2E13-44A7-B08A-2124D1635B7B}.AppStore|iPhone.ActiveCfg = AppStore|iPhone
		{91B340BE-2E13-44A7-B08A-2124D1635B7B}.AppStore|iPhone.Build.0 = AppStore|iPhone
		{91B340BE-2E13-44A7-B08A-2124D1635B7B}.AppStore|iPhoneSimulator.ActiveCfg = AppStore|iPhoneSimulator
		{91B340BE-2E13-44A7-B08A-2124D1635B7B}.AppStore|iPhoneSimulator.Build.0 = AppStore|iPhoneSimulator
		{91B340BE-2E13-44A7-B08A-2124D1635B7B}.AppStore|x64.ActiveCfg = AppStore|iPhone
		{91B340BE-2E13-44A7-B08A-2124D1635B7B}.AppStore|x86.ActiveCfg = AppStore|iPhone
		{91B340BE-2E13-44A7-B08A-2124D1635B7B}.Debug|Any CPU.ActiveCfg = Debug|iPhone
		{91B340BE-2E13-44A7-B08A-2124D1635B7B}.Debug|ARM.ActiveCfg = Debug|iPhone
		{91B340BE-2E13-44A7-B08A-2124D1635B7B}.Debug|iPhone.ActiveCfg = Debug|iPhone
		{91B340BE-2E13-44A7-B08A-2124D1635B7B}.Debug|iPhone.Build.0 = Debug|iPhone
		{91B340BE-2E13-44A7-B08A-2124D1635B7B}.Debug|iPhoneSimulator.ActiveCfg = Debug|iPhoneSimulator
		{91B340BE-2E13-44A7-B08A-2124D1635B7B}.Debug|iPhoneSimulator.Build.0 = Debug|iPhoneSimulator
		{91B340BE-2E13-44A7-B08A-2124D1635B7B}.Debug|x64.ActiveCfg = Debug|iPhone
		{91B340BE-2E13-44A7-B08A-2124D1635B7B}.Debug|x86.ActiveCfg = Debug|iPhone
		{91B340BE-2E13-44A7-B08A-2124D1635B7B}.Release|Any CPU.ActiveCfg = Release|iPhone
		{91B340BE-2E13-44A7-B08A-2124D1635B7B}.Release|ARM.ActiveCfg = Release|iPhone
		{91B340BE-2E13-44A7-B08A-2124D1635B7B}.Release|iPhone.ActiveCfg = Release|iPhone
		{91B340BE-2E13-44A7-B08A-2124D1635B7B}.Release|iPhone.Build.0 = Release|iPhone
		{91B340BE-2E13-44A7-B08A-2124D1635B7B}.Release|iPhoneSimulator.ActiveCfg = Release|iPhoneSimulator
		{91B340BE-2E13-44A7-B08A-2124D1635B7B}.Release|iPhoneSimulator.Build.0 = Release|iPhoneSimulator
		{91B340BE-2E13-44A7-B08A-2124D1635B7B}.Release|x64.ActiveCfg = Release|iPhone
		{91B340BE-2E13-44A7-B08A-2124D1635B7B}.Release|x86.ActiveCfg = Release|iPhone
		{F2BE8901-7A7D-4ED8-8934-C59C4C624271}.Ad-Hoc|Any CPU.ActiveCfg = Release|Any CPU
		{F2BE8901-7A7D-4ED8-8934-C59C4C624271}.Ad-Hoc|Any CPU.Build.0 = Release|Any CPU
		{F2BE8901-7A7D-4ED8-8934-C59C4C624271}.Ad-Hoc|ARM.ActiveCfg = Release|Any CPU
		{F2BE8901-7A7D-4ED8-8934-C59C4C624271}.Ad-Hoc|ARM.Build.0 = Release|Any CPU
		{F2BE8901-7A7D-4ED8-8934-C59C4C624271}.Ad-Hoc|iPhone.ActiveCfg = Release|Any CPU
		{F2BE8901-7A7D-4ED8-8934-C59C4C624271}.Ad-Hoc|iPhone.Build.0 = Release|Any CPU
		{F2BE8901-7A7D-4ED8-8934-C59C4C624271}.Ad-Hoc|iPhoneSimulator.ActiveCfg = Release|Any CPU
		{F2BE8901-7A7D-4ED8-8934-C59C4C624271}.Ad-Hoc|iPhoneSimulator.Build.0 = Release|Any CPU
		{F2BE8901-7A7D-4ED8-8934-C59C4C624271}.Ad-Hoc|x64.ActiveCfg = Release|Any CPU
		{F2BE8901-7A7D-4ED8-8934-C59C4C624271}.Ad-Hoc|x64.Build.0 = Release|Any CPU
		{F2BE8901-7A7D-4ED8-8934-C59C4C624271}.Ad-Hoc|x86.ActiveCfg = Release|Any CPU
		{F2BE8901-7A7D-4ED8-8934-C59C4C624271}.Ad-Hoc|x86.Build.0 = Release|Any CPU
		{F2BE8901-7A7D-4ED8-8934-C59C4C624271}.AppStore|Any CPU.ActiveCfg = Release|Any CPU
		{F2BE8901-7A7D-4ED8-8934-C59C4C624271}.AppStore|Any CPU.Build.0 = Release|Any CPU
		{F2BE8901-7A7D-4ED8-8934-C59C4C624271}.AppStore|ARM.ActiveCfg = Release|Any CPU
		{F2BE8901-7A7D-4ED8-8934-C59C4C624271}.AppStore|ARM.Build.0 = Release|Any CPU
		{F2BE8901-7A7D-4ED8-8934-C59C4C624271}.AppStore|iPhone.ActiveCfg = Release|Any CPU
		{F2BE8901-7A7D-4ED8-8934-C59C4C624271}.AppStore|iPhone.Build.0 = Release|Any CPU
		{F2BE8901-7A7D-4ED8-8934-C59C4C624271}.AppStore|iPhoneSimulator.ActiveCfg = Release|Any CPU
		{F2BE8901-7A7D-4ED8-8934-C59C4C624271}.AppStore|iPhoneSimulator.Build.0 = Release|Any CPU
		{F2BE8901-7A7D-4ED8-8934-C59C4C624271}.AppStore|x64.ActiveCfg = Release|Any CPU
		{F2BE8901-7A7D-4ED8-8934-C59C4C624271}.AppStore|x64.Build.0 = Release|Any CPU
		{F2BE8901-7A7D-4ED8-8934-C59C4C624271}.AppStore|x86.ActiveCfg = Release|Any CPU
		{F2BE8901-7A7D-4ED8-8934-C59C4C624271}.AppStore|x86.Build.0 = Release|Any CPU
		{F2BE8901-7A7D-4ED8-8934-C59C4C624271}.Debug|Any CPU.ActiveCfg = Debug|Any CPU
		{F2BE8901-7A7D-4ED8-8934-C59C4C624271}.Debug|Any CPU.Build.0 = Debug|Any CPU
		{F2BE8901-7A7D-4ED8-8934-C59C4C624271}.Debug|ARM.ActiveCfg = Debug|Any CPU
		{F2BE8901-7A7D-4ED8-8934-C59C4C624271}.Debug|ARM.Build.0 = Debug|Any CPU
		{F2BE8901-7A7D-4ED8-8934-C59C4C624271}.Debug|iPhone.ActiveCfg = Debug|Any CPU
		{F2BE8901-7A7D-4ED8-8934-C59C4C624271}.Debug|iPhone.Build.0 = Debug|Any CPU
		{F2BE8901-7A7D-4ED8-8934-C59C4C624271}.Debug|iPhoneSimulator.ActiveCfg = Debug|Any CPU
		{F2BE8901-7A7D-4ED8-8934-C59C4C624271}.Debug|iPhoneSimulator.Build.0 = Debug|Any CPU
		{F2BE8901-7A7D-4ED8-8934-C59C4C624271}.Debug|x64.ActiveCfg = Debug|Any CPU
		{F2BE8901-7A7D-4ED8-8934-C59C4C624271}.Debug|x64.Build.0 = Debug|Any CPU
		{F2BE8901-7A7D-4ED8-8934-C59C4C624271}.Debug|x86.ActiveCfg = Debug|Any CPU
		{F2BE8901-7A7D-4ED8-8934-C59C4C624271}.Debug|x86.Build.0 = Debug|Any CPU
		{F2BE8901-7A7D-4ED8-8934-C59C4C624271}.Release|Any CPU.ActiveCfg = Release|Any CPU
		{F2BE8901-7A7D-4ED8-8934-C59C4C624271}.Release|Any CPU.Build.0 = Release|Any CPU
		{F2BE8901-7A7D-4ED8-8934-C59C4C624271}.Release|ARM.ActiveCfg = Release|Any CPU
		{F2BE8901-7A7D-4ED8-8934-C59C4C624271}.Release|ARM.Build.0 = Release|Any CPU
		{F2BE8901-7A7D-4ED8-8934-C59C4C624271}.Release|iPhone.ActiveCfg = Release|Any CPU
		{F2BE8901-7A7D-4ED8-8934-C59C4C624271}.Release|iPhone.Build.0 = Release|Any CPU
		{F2BE8901-7A7D-4ED8-8934-C59C4C624271}.Release|iPhoneSimulator.ActiveCfg = Release|Any CPU
		{F2BE8901-7A7D-4ED8-8934-C59C4C624271}.Release|iPhoneSimulator.Build.0 = Release|Any CPU
		{F2BE8901-7A7D-4ED8-8934-C59C4C624271}.Release|x64.ActiveCfg = Release|Any CPU
		{F2BE8901-7A7D-4ED8-8934-C59C4C624271}.Release|x64.Build.0 = Release|Any CPU
		{F2BE8901-7A7D-4ED8-8934-C59C4C624271}.Release|x86.ActiveCfg = Release|Any CPU
		{F2BE8901-7A7D-4ED8-8934-C59C4C624271}.Release|x86.Build.0 = Release|Any CPU
		{67F9D3A8-F71E-4428-913F-C37AE82CDB24}.Ad-Hoc|Any CPU.ActiveCfg = Release|Any CPU
		{67F9D3A8-F71E-4428-913F-C37AE82CDB24}.Ad-Hoc|Any CPU.Build.0 = Release|Any CPU
		{67F9D3A8-F71E-4428-913F-C37AE82CDB24}.Ad-Hoc|ARM.ActiveCfg = Release|Any CPU
		{67F9D3A8-F71E-4428-913F-C37AE82CDB24}.Ad-Hoc|ARM.Build.0 = Release|Any CPU
		{67F9D3A8-F71E-4428-913F-C37AE82CDB24}.Ad-Hoc|iPhone.ActiveCfg = Release|Any CPU
		{67F9D3A8-F71E-4428-913F-C37AE82CDB24}.Ad-Hoc|iPhone.Build.0 = Release|Any CPU
		{67F9D3A8-F71E-4428-913F-C37AE82CDB24}.Ad-Hoc|iPhoneSimulator.ActiveCfg = Release|Any CPU
		{67F9D3A8-F71E-4428-913F-C37AE82CDB24}.Ad-Hoc|iPhoneSimulator.Build.0 = Release|Any CPU
		{67F9D3A8-F71E-4428-913F-C37AE82CDB24}.Ad-Hoc|x64.ActiveCfg = Release|Any CPU
		{67F9D3A8-F71E-4428-913F-C37AE82CDB24}.Ad-Hoc|x64.Build.0 = Release|Any CPU
		{67F9D3A8-F71E-4428-913F-C37AE82CDB24}.Ad-Hoc|x86.ActiveCfg = Release|Any CPU
		{67F9D3A8-F71E-4428-913F-C37AE82CDB24}.Ad-Hoc|x86.Build.0 = Release|Any CPU
		{67F9D3A8-F71E-4428-913F-C37AE82CDB24}.AppStore|Any CPU.ActiveCfg = Release|Any CPU
		{67F9D3A8-F71E-4428-913F-C37AE82CDB24}.AppStore|Any CPU.Build.0 = Release|Any CPU
		{67F9D3A8-F71E-4428-913F-C37AE82CDB24}.AppStore|ARM.ActiveCfg = Release|Any CPU
		{67F9D3A8-F71E-4428-913F-C37AE82CDB24}.AppStore|ARM.Build.0 = Release|Any CPU
		{67F9D3A8-F71E-4428-913F-C37AE82CDB24}.AppStore|iPhone.ActiveCfg = Release|Any CPU
		{67F9D3A8-F71E-4428-913F-C37AE82CDB24}.AppStore|iPhone.Build.0 = Release|Any CPU
		{67F9D3A8-F71E-4428-913F-C37AE82CDB24}.AppStore|iPhoneSimulator.ActiveCfg = Release|Any CPU
		{67F9D3A8-F71E-4428-913F-C37AE82CDB24}.AppStore|iPhoneSimulator.Build.0 = Release|Any CPU
		{67F9D3A8-F71E-4428-913F-C37AE82CDB24}.AppStore|x64.ActiveCfg = Release|Any CPU
		{67F9D3A8-F71E-4428-913F-C37AE82CDB24}.AppStore|x64.Build.0 = Release|Any CPU
		{67F9D3A8-F71E-4428-913F-C37AE82CDB24}.AppStore|x86.ActiveCfg = Release|Any CPU
		{67F9D3A8-F71E-4428-913F-C37AE82CDB24}.AppStore|x86.Build.0 = Release|Any CPU
		{67F9D3A8-F71E-4428-913F-C37AE82CDB24}.Debug|Any CPU.ActiveCfg = Debug|Any CPU
		{67F9D3A8-F71E-4428-913F-C37AE82CDB24}.Debug|Any CPU.Build.0 = Debug|Any CPU
		{67F9D3A8-F71E-4428-913F-C37AE82CDB24}.Debug|ARM.ActiveCfg = Debug|Any CPU
		{67F9D3A8-F71E-4428-913F-C37AE82CDB24}.Debug|ARM.Build.0 = Debug|Any CPU
		{67F9D3A8-F71E-4428-913F-C37AE82CDB24}.Debug|iPhone.ActiveCfg = Debug|Any CPU
		{67F9D3A8-F71E-4428-913F-C37AE82CDB24}.Debug|iPhone.Build.0 = Debug|Any CPU
		{67F9D3A8-F71E-4428-913F-C37AE82CDB24}.Debug|iPhoneSimulator.ActiveCfg = Debug|Any CPU
		{67F9D3A8-F71E-4428-913F-C37AE82CDB24}.Debug|iPhoneSimulator.Build.0 = Debug|Any CPU
		{67F9D3A8-F71E-4428-913F-C37AE82CDB24}.Debug|x64.ActiveCfg = Debug|Any CPU
		{67F9D3A8-F71E-4428-913F-C37AE82CDB24}.Debug|x64.Build.0 = Debug|Any CPU
		{67F9D3A8-F71E-4428-913F-C37AE82CDB24}.Debug|x86.ActiveCfg = Debug|Any CPU
		{67F9D3A8-F71E-4428-913F-C37AE82CDB24}.Debug|x86.Build.0 = Debug|Any CPU
		{67F9D3A8-F71E-4428-913F-C37AE82CDB24}.Release|Any CPU.ActiveCfg = Release|Any CPU
		{67F9D3A8-F71E-4428-913F-C37AE82CDB24}.Release|Any CPU.Build.0 = Release|Any CPU
		{67F9D3A8-F71E-4428-913F-C37AE82CDB24}.Release|ARM.ActiveCfg = Release|Any CPU
		{67F9D3A8-F71E-4428-913F-C37AE82CDB24}.Release|ARM.Build.0 = Release|Any CPU
		{67F9D3A8-F71E-4428-913F-C37AE82CDB24}.Release|iPhone.ActiveCfg = Release|Any CPU
		{67F9D3A8-F71E-4428-913F-C37AE82CDB24}.Release|iPhone.Build.0 = Release|Any CPU
		{67F9D3A8-F71E-4428-913F-C37AE82CDB24}.Release|iPhoneSimulator.ActiveCfg = Release|Any CPU
		{67F9D3A8-F71E-4428-913F-C37AE82CDB24}.Release|iPhoneSimulator.Build.0 = Release|Any CPU
		{67F9D3A8-F71E-4428-913F-C37AE82CDB24}.Release|x64.ActiveCfg = Release|Any CPU
		{67F9D3A8-F71E-4428-913F-C37AE82CDB24}.Release|x64.Build.0 = Release|Any CPU
		{67F9D3A8-F71E-4428-913F-C37AE82CDB24}.Release|x86.ActiveCfg = Release|Any CPU
		{67F9D3A8-F71E-4428-913F-C37AE82CDB24}.Release|x86.Build.0 = Release|Any CPU
		{530CBFD3-0084-4FDB-ABFB-13B6AA9293E7}.Ad-Hoc|Any CPU.ActiveCfg = Release|Any CPU
		{530CBFD3-0084-4FDB-ABFB-13B6AA9293E7}.Ad-Hoc|Any CPU.Build.0 = Release|Any CPU
		{530CBFD3-0084-4FDB-ABFB-13B6AA9293E7}.Ad-Hoc|Any CPU.Deploy.0 = Release|Any CPU
		{530CBFD3-0084-4FDB-ABFB-13B6AA9293E7}.Ad-Hoc|ARM.ActiveCfg = Release|Any CPU
		{530CBFD3-0084-4FDB-ABFB-13B6AA9293E7}.Ad-Hoc|ARM.Build.0 = Release|Any CPU
		{530CBFD3-0084-4FDB-ABFB-13B6AA9293E7}.Ad-Hoc|ARM.Deploy.0 = Release|Any CPU
		{530CBFD3-0084-4FDB-ABFB-13B6AA9293E7}.Ad-Hoc|iPhone.ActiveCfg = Release|Any CPU
		{530CBFD3-0084-4FDB-ABFB-13B6AA9293E7}.Ad-Hoc|iPhone.Build.0 = Release|Any CPU
		{530CBFD3-0084-4FDB-ABFB-13B6AA9293E7}.Ad-Hoc|iPhone.Deploy.0 = Release|Any CPU
		{530CBFD3-0084-4FDB-ABFB-13B6AA9293E7}.Ad-Hoc|iPhoneSimulator.ActiveCfg = Release|Any CPU
		{530CBFD3-0084-4FDB-ABFB-13B6AA9293E7}.Ad-Hoc|iPhoneSimulator.Build.0 = Release|Any CPU
		{530CBFD3-0084-4FDB-ABFB-13B6AA9293E7}.Ad-Hoc|iPhoneSimulator.Deploy.0 = Release|Any CPU
		{530CBFD3-0084-4FDB-ABFB-13B6AA9293E7}.Ad-Hoc|x64.ActiveCfg = Release|Any CPU
		{530CBFD3-0084-4FDB-ABFB-13B6AA9293E7}.Ad-Hoc|x64.Build.0 = Release|Any CPU
		{530CBFD3-0084-4FDB-ABFB-13B6AA9293E7}.Ad-Hoc|x64.Deploy.0 = Release|Any CPU
		{530CBFD3-0084-4FDB-ABFB-13B6AA9293E7}.Ad-Hoc|x86.ActiveCfg = Release|Any CPU
		{530CBFD3-0084-4FDB-ABFB-13B6AA9293E7}.Ad-Hoc|x86.Build.0 = Release|Any CPU
		{530CBFD3-0084-4FDB-ABFB-13B6AA9293E7}.Ad-Hoc|x86.Deploy.0 = Release|Any CPU
		{530CBFD3-0084-4FDB-ABFB-13B6AA9293E7}.AppStore|Any CPU.ActiveCfg = Release|Any CPU
		{530CBFD3-0084-4FDB-ABFB-13B6AA9293E7}.AppStore|Any CPU.Build.0 = Release|Any CPU
		{530CBFD3-0084-4FDB-ABFB-13B6AA9293E7}.AppStore|Any CPU.Deploy.0 = Release|Any CPU
		{530CBFD3-0084-4FDB-ABFB-13B6AA9293E7}.AppStore|ARM.ActiveCfg = Release|Any CPU
		{530CBFD3-0084-4FDB-ABFB-13B6AA9293E7}.AppStore|ARM.Build.0 = Release|Any CPU
		{530CBFD3-0084-4FDB-ABFB-13B6AA9293E7}.AppStore|ARM.Deploy.0 = Release|Any CPU
		{530CBFD3-0084-4FDB-ABFB-13B6AA9293E7}.AppStore|iPhone.ActiveCfg = Release|Any CPU
		{530CBFD3-0084-4FDB-ABFB-13B6AA9293E7}.AppStore|iPhone.Build.0 = Release|Any CPU
		{530CBFD3-0084-4FDB-ABFB-13B6AA9293E7}.AppStore|iPhone.Deploy.0 = Release|Any CPU
		{530CBFD3-0084-4FDB-ABFB-13B6AA9293E7}.AppStore|iPhoneSimulator.ActiveCfg = Release|Any CPU
		{530CBFD3-0084-4FDB-ABFB-13B6AA9293E7}.AppStore|iPhoneSimulator.Build.0 = Release|Any CPU
		{530CBFD3-0084-4FDB-ABFB-13B6AA9293E7}.AppStore|iPhoneSimulator.Deploy.0 = Release|Any CPU
		{530CBFD3-0084-4FDB-ABFB-13B6AA9293E7}.AppStore|x64.ActiveCfg = Release|Any CPU
		{530CBFD3-0084-4FDB-ABFB-13B6AA9293E7}.AppStore|x64.Build.0 = Release|Any CPU
		{530CBFD3-0084-4FDB-ABFB-13B6AA9293E7}.AppStore|x64.Deploy.0 = Release|Any CPU
		{530CBFD3-0084-4FDB-ABFB-13B6AA9293E7}.AppStore|x86.ActiveCfg = Release|Any CPU
		{530CBFD3-0084-4FDB-ABFB-13B6AA9293E7}.AppStore|x86.Build.0 = Release|Any CPU
		{530CBFD3-0084-4FDB-ABFB-13B6AA9293E7}.AppStore|x86.Deploy.0 = Release|Any CPU
		{530CBFD3-0084-4FDB-ABFB-13B6AA9293E7}.Debug|Any CPU.ActiveCfg = Debug|Any CPU
		{530CBFD3-0084-4FDB-ABFB-13B6AA9293E7}.Debug|Any CPU.Build.0 = Debug|Any CPU
		{530CBFD3-0084-4FDB-ABFB-13B6AA9293E7}.Debug|Any CPU.Deploy.0 = Debug|Any CPU
		{530CBFD3-0084-4FDB-ABFB-13B6AA9293E7}.Debug|ARM.ActiveCfg = Debug|Any CPU
		{530CBFD3-0084-4FDB-ABFB-13B6AA9293E7}.Debug|ARM.Build.0 = Debug|Any CPU
		{530CBFD3-0084-4FDB-ABFB-13B6AA9293E7}.Debug|ARM.Deploy.0 = Debug|Any CPU
		{530CBFD3-0084-4FDB-ABFB-13B6AA9293E7}.Debug|iPhone.ActiveCfg = Debug|Any CPU
		{530CBFD3-0084-4FDB-ABFB-13B6AA9293E7}.Debug|iPhoneSimulator.ActiveCfg = Debug|Any CPU
		{530CBFD3-0084-4FDB-ABFB-13B6AA9293E7}.Debug|x64.ActiveCfg = Debug|Any CPU
		{530CBFD3-0084-4FDB-ABFB-13B6AA9293E7}.Debug|x64.Build.0 = Debug|Any CPU
		{530CBFD3-0084-4FDB-ABFB-13B6AA9293E7}.Debug|x64.Deploy.0 = Debug|Any CPU
		{530CBFD3-0084-4FDB-ABFB-13B6AA9293E7}.Debug|x86.ActiveCfg = Debug|Any CPU
		{530CBFD3-0084-4FDB-ABFB-13B6AA9293E7}.Debug|x86.Build.0 = Debug|Any CPU
		{530CBFD3-0084-4FDB-ABFB-13B6AA9293E7}.Debug|x86.Deploy.0 = Debug|Any CPU
		{530CBFD3-0084-4FDB-ABFB-13B6AA9293E7}.Release|Any CPU.ActiveCfg = Release|Any CPU
		{530CBFD3-0084-4FDB-ABFB-13B6AA9293E7}.Release|Any CPU.Build.0 = Release|Any CPU
		{530CBFD3-0084-4FDB-ABFB-13B6AA9293E7}.Release|Any CPU.Deploy.0 = Release|Any CPU
		{530CBFD3-0084-4FDB-ABFB-13B6AA9293E7}.Release|ARM.ActiveCfg = Release|Any CPU
		{530CBFD3-0084-4FDB-ABFB-13B6AA9293E7}.Release|ARM.Build.0 = Release|Any CPU
		{530CBFD3-0084-4FDB-ABFB-13B6AA9293E7}.Release|ARM.Deploy.0 = Release|Any CPU
		{530CBFD3-0084-4FDB-ABFB-13B6AA9293E7}.Release|iPhone.ActiveCfg = Release|Any CPU
		{530CBFD3-0084-4FDB-ABFB-13B6AA9293E7}.Release|iPhone.Deploy.0 = Release|Any CPU
		{530CBFD3-0084-4FDB-ABFB-13B6AA9293E7}.Release|iPhoneSimulator.ActiveCfg = Release|Any CPU
		{530CBFD3-0084-4FDB-ABFB-13B6AA9293E7}.Release|iPhoneSimulator.Build.0 = Release|Any CPU
		{530CBFD3-0084-4FDB-ABFB-13B6AA9293E7}.Release|iPhoneSimulator.Deploy.0 = Release|Any CPU
		{530CBFD3-0084-4FDB-ABFB-13B6AA9293E7}.Release|x64.ActiveCfg = Release|Any CPU
		{530CBFD3-0084-4FDB-ABFB-13B6AA9293E7}.Release|x64.Build.0 = Release|Any CPU
		{530CBFD3-0084-4FDB-ABFB-13B6AA9293E7}.Release|x64.Deploy.0 = Release|Any CPU
		{530CBFD3-0084-4FDB-ABFB-13B6AA9293E7}.Release|x86.ActiveCfg = Release|Any CPU
		{530CBFD3-0084-4FDB-ABFB-13B6AA9293E7}.Release|x86.Build.0 = Release|Any CPU
		{530CBFD3-0084-4FDB-ABFB-13B6AA9293E7}.Release|x86.Deploy.0 = Release|Any CPU
		{EBD23762-16B0-4C51-9ACC-1917C2E2DD64}.Ad-Hoc|Any CPU.ActiveCfg = Release|Any CPU
		{EBD23762-16B0-4C51-9ACC-1917C2E2DD64}.Ad-Hoc|Any CPU.Build.0 = Release|Any CPU
		{EBD23762-16B0-4C51-9ACC-1917C2E2DD64}.Ad-Hoc|ARM.ActiveCfg = Release|Any CPU
		{EBD23762-16B0-4C51-9ACC-1917C2E2DD64}.Ad-Hoc|ARM.Build.0 = Release|Any CPU
		{EBD23762-16B0-4C51-9ACC-1917C2E2DD64}.Ad-Hoc|iPhone.ActiveCfg = Release|Any CPU
		{EBD23762-16B0-4C51-9ACC-1917C2E2DD64}.Ad-Hoc|iPhone.Build.0 = Release|Any CPU
		{EBD23762-16B0-4C51-9ACC-1917C2E2DD64}.Ad-Hoc|iPhoneSimulator.ActiveCfg = Release|Any CPU
		{EBD23762-16B0-4C51-9ACC-1917C2E2DD64}.Ad-Hoc|iPhoneSimulator.Build.0 = Release|Any CPU
		{EBD23762-16B0-4C51-9ACC-1917C2E2DD64}.Ad-Hoc|x64.ActiveCfg = Release|Any CPU
		{EBD23762-16B0-4C51-9ACC-1917C2E2DD64}.Ad-Hoc|x64.Build.0 = Release|Any CPU
		{EBD23762-16B0-4C51-9ACC-1917C2E2DD64}.Ad-Hoc|x86.ActiveCfg = Release|Any CPU
		{EBD23762-16B0-4C51-9ACC-1917C2E2DD64}.Ad-Hoc|x86.Build.0 = Release|Any CPU
		{EBD23762-16B0-4C51-9ACC-1917C2E2DD64}.AppStore|Any CPU.ActiveCfg = Release|Any CPU
		{EBD23762-16B0-4C51-9ACC-1917C2E2DD64}.AppStore|Any CPU.Build.0 = Release|Any CPU
		{EBD23762-16B0-4C51-9ACC-1917C2E2DD64}.AppStore|ARM.ActiveCfg = Release|Any CPU
		{EBD23762-16B0-4C51-9ACC-1917C2E2DD64}.AppStore|ARM.Build.0 = Release|Any CPU
		{EBD23762-16B0-4C51-9ACC-1917C2E2DD64}.AppStore|iPhone.ActiveCfg = Release|Any CPU
		{EBD23762-16B0-4C51-9ACC-1917C2E2DD64}.AppStore|iPhone.Build.0 = Release|Any CPU
		{EBD23762-16B0-4C51-9ACC-1917C2E2DD64}.AppStore|iPhoneSimulator.ActiveCfg = Release|Any CPU
		{EBD23762-16B0-4C51-9ACC-1917C2E2DD64}.AppStore|iPhoneSimulator.Build.0 = Release|Any CPU
		{EBD23762-16B0-4C51-9ACC-1917C2E2DD64}.AppStore|x64.ActiveCfg = Release|Any CPU
		{EBD23762-16B0-4C51-9ACC-1917C2E2DD64}.AppStore|x64.Build.0 = Release|Any CPU
		{EBD23762-16B0-4C51-9ACC-1917C2E2DD64}.AppStore|x86.ActiveCfg = Release|Any CPU
		{EBD23762-16B0-4C51-9ACC-1917C2E2DD64}.AppStore|x86.Build.0 = Release|Any CPU
		{EBD23762-16B0-4C51-9ACC-1917C2E2DD64}.Debug|Any CPU.ActiveCfg = Debug|Any CPU
		{EBD23762-16B0-4C51-9ACC-1917C2E2DD64}.Debug|Any CPU.Build.0 = Debug|Any CPU
		{EBD23762-16B0-4C51-9ACC-1917C2E2DD64}.Debug|ARM.ActiveCfg = Debug|Any CPU
		{EBD23762-16B0-4C51-9ACC-1917C2E2DD64}.Debug|ARM.Build.0 = Debug|Any CPU
		{EBD23762-16B0-4C51-9ACC-1917C2E2DD64}.Debug|iPhone.ActiveCfg = Debug|Any CPU
		{EBD23762-16B0-4C51-9ACC-1917C2E2DD64}.Debug|iPhone.Build.0 = Debug|Any CPU
		{EBD23762-16B0-4C51-9ACC-1917C2E2DD64}.Debug|iPhoneSimulator.ActiveCfg = Debug|Any CPU
		{EBD23762-16B0-4C51-9ACC-1917C2E2DD64}.Debug|iPhoneSimulator.Build.0 = Debug|Any CPU
		{EBD23762-16B0-4C51-9ACC-1917C2E2DD64}.Debug|x64.ActiveCfg = Debug|Any CPU
		{EBD23762-16B0-4C51-9ACC-1917C2E2DD64}.Debug|x64.Build.0 = Debug|Any CPU
		{EBD23762-16B0-4C51-9ACC-1917C2E2DD64}.Debug|x86.ActiveCfg = Debug|Any CPU
		{EBD23762-16B0-4C51-9ACC-1917C2E2DD64}.Debug|x86.Build.0 = Debug|Any CPU
		{EBD23762-16B0-4C51-9ACC-1917C2E2DD64}.Release|Any CPU.ActiveCfg = Release|Any CPU
		{EBD23762-16B0-4C51-9ACC-1917C2E2DD64}.Release|Any CPU.Build.0 = Release|Any CPU
		{EBD23762-16B0-4C51-9ACC-1917C2E2DD64}.Release|ARM.ActiveCfg = Release|Any CPU
		{EBD23762-16B0-4C51-9ACC-1917C2E2DD64}.Release|ARM.Build.0 = Release|Any CPU
		{EBD23762-16B0-4C51-9ACC-1917C2E2DD64}.Release|iPhone.ActiveCfg = Release|Any CPU
		{EBD23762-16B0-4C51-9ACC-1917C2E2DD64}.Release|iPhone.Build.0 = Release|Any CPU
		{EBD23762-16B0-4C51-9ACC-1917C2E2DD64}.Release|iPhoneSimulator.ActiveCfg = Release|Any CPU
		{EBD23762-16B0-4C51-9ACC-1917C2E2DD64}.Release|iPhoneSimulator.Build.0 = Release|Any CPU
		{EBD23762-16B0-4C51-9ACC-1917C2E2DD64}.Release|x64.ActiveCfg = Release|Any CPU
		{EBD23762-16B0-4C51-9ACC-1917C2E2DD64}.Release|x64.Build.0 = Release|Any CPU
		{EBD23762-16B0-4C51-9ACC-1917C2E2DD64}.Release|x86.ActiveCfg = Release|Any CPU
		{EBD23762-16B0-4C51-9ACC-1917C2E2DD64}.Release|x86.Build.0 = Release|Any CPU
		{BEDC9B01-4519-4607-BCAB-3700ACDF405E}.Ad-Hoc|Any CPU.ActiveCfg = Release|Any CPU
		{BEDC9B01-4519-4607-BCAB-3700ACDF405E}.Ad-Hoc|Any CPU.Build.0 = Release|Any CPU
		{BEDC9B01-4519-4607-BCAB-3700ACDF405E}.Ad-Hoc|ARM.ActiveCfg = Release|Any CPU
		{BEDC9B01-4519-4607-BCAB-3700ACDF405E}.Ad-Hoc|ARM.Build.0 = Release|Any CPU
		{BEDC9B01-4519-4607-BCAB-3700ACDF405E}.Ad-Hoc|iPhone.ActiveCfg = Release|Any CPU
		{BEDC9B01-4519-4607-BCAB-3700ACDF405E}.Ad-Hoc|iPhone.Build.0 = Release|Any CPU
		{BEDC9B01-4519-4607-BCAB-3700ACDF405E}.Ad-Hoc|iPhoneSimulator.ActiveCfg = Release|Any CPU
		{BEDC9B01-4519-4607-BCAB-3700ACDF405E}.Ad-Hoc|iPhoneSimulator.Build.0 = Release|Any CPU
		{BEDC9B01-4519-4607-BCAB-3700ACDF405E}.Ad-Hoc|x64.ActiveCfg = Release|Any CPU
		{BEDC9B01-4519-4607-BCAB-3700ACDF405E}.Ad-Hoc|x64.Build.0 = Release|Any CPU
		{BEDC9B01-4519-4607-BCAB-3700ACDF405E}.Ad-Hoc|x86.ActiveCfg = Release|Any CPU
		{BEDC9B01-4519-4607-BCAB-3700ACDF405E}.Ad-Hoc|x86.Build.0 = Release|Any CPU
		{BEDC9B01-4519-4607-BCAB-3700ACDF405E}.AppStore|Any CPU.ActiveCfg = Release|Any CPU
		{BEDC9B01-4519-4607-BCAB-3700ACDF405E}.AppStore|Any CPU.Build.0 = Release|Any CPU
		{BEDC9B01-4519-4607-BCAB-3700ACDF405E}.AppStore|ARM.ActiveCfg = Release|Any CPU
		{BEDC9B01-4519-4607-BCAB-3700ACDF405E}.AppStore|ARM.Build.0 = Release|Any CPU
		{BEDC9B01-4519-4607-BCAB-3700ACDF405E}.AppStore|iPhone.ActiveCfg = Release|Any CPU
		{BEDC9B01-4519-4607-BCAB-3700ACDF405E}.AppStore|iPhone.Build.0 = Release|Any CPU
		{BEDC9B01-4519-4607-BCAB-3700ACDF405E}.AppStore|iPhoneSimulator.ActiveCfg = Release|Any CPU
		{BEDC9B01-4519-4607-BCAB-3700ACDF405E}.AppStore|iPhoneSimulator.Build.0 = Release|Any CPU
		{BEDC9B01-4519-4607-BCAB-3700ACDF405E}.AppStore|x64.ActiveCfg = Release|Any CPU
		{BEDC9B01-4519-4607-BCAB-3700ACDF405E}.AppStore|x64.Build.0 = Release|Any CPU
		{BEDC9B01-4519-4607-BCAB-3700ACDF405E}.AppStore|x86.ActiveCfg = Release|Any CPU
		{BEDC9B01-4519-4607-BCAB-3700ACDF405E}.AppStore|x86.Build.0 = Release|Any CPU
		{BEDC9B01-4519-4607-BCAB-3700ACDF405E}.Debug|Any CPU.ActiveCfg = Debug|Any CPU
		{BEDC9B01-4519-4607-BCAB-3700ACDF405E}.Debug|Any CPU.Build.0 = Debug|Any CPU
		{BEDC9B01-4519-4607-BCAB-3700ACDF405E}.Debug|ARM.ActiveCfg = Debug|Any CPU
		{BEDC9B01-4519-4607-BCAB-3700ACDF405E}.Debug|ARM.Build.0 = Debug|Any CPU
		{BEDC9B01-4519-4607-BCAB-3700ACDF405E}.Debug|iPhone.ActiveCfg = Debug|Any CPU
		{BEDC9B01-4519-4607-BCAB-3700ACDF405E}.Debug|iPhone.Build.0 = Debug|Any CPU
		{BEDC9B01-4519-4607-BCAB-3700ACDF405E}.Debug|iPhoneSimulator.ActiveCfg = Debug|Any CPU
		{BEDC9B01-4519-4607-BCAB-3700ACDF405E}.Debug|iPhoneSimulator.Build.0 = Debug|Any CPU
		{BEDC9B01-4519-4607-BCAB-3700ACDF405E}.Debug|x64.ActiveCfg = Debug|Any CPU
		{BEDC9B01-4519-4607-BCAB-3700ACDF405E}.Debug|x64.Build.0 = Debug|Any CPU
		{BEDC9B01-4519-4607-BCAB-3700ACDF405E}.Debug|x86.ActiveCfg = Debug|Any CPU
		{BEDC9B01-4519-4607-BCAB-3700ACDF405E}.Debug|x86.Build.0 = Debug|Any CPU
		{BEDC9B01-4519-4607-BCAB-3700ACDF405E}.Release|Any CPU.ActiveCfg = Release|Any CPU
		{BEDC9B01-4519-4607-BCAB-3700ACDF405E}.Release|Any CPU.Build.0 = Release|Any CPU
		{BEDC9B01-4519-4607-BCAB-3700ACDF405E}.Release|ARM.ActiveCfg = Release|Any CPU
		{BEDC9B01-4519-4607-BCAB-3700ACDF405E}.Release|ARM.Build.0 = Release|Any CPU
		{BEDC9B01-4519-4607-BCAB-3700ACDF405E}.Release|iPhone.ActiveCfg = Release|Any CPU
		{BEDC9B01-4519-4607-BCAB-3700ACDF405E}.Release|iPhone.Build.0 = Release|Any CPU
		{BEDC9B01-4519-4607-BCAB-3700ACDF405E}.Release|iPhoneSimulator.ActiveCfg = Release|Any CPU
		{BEDC9B01-4519-4607-BCAB-3700ACDF405E}.Release|iPhoneSimulator.Build.0 = Release|Any CPU
		{BEDC9B01-4519-4607-BCAB-3700ACDF405E}.Release|x64.ActiveCfg = Release|Any CPU
		{BEDC9B01-4519-4607-BCAB-3700ACDF405E}.Release|x64.Build.0 = Release|Any CPU
		{BEDC9B01-4519-4607-BCAB-3700ACDF405E}.Release|x86.ActiveCfg = Release|Any CPU
		{BEDC9B01-4519-4607-BCAB-3700ACDF405E}.Release|x86.Build.0 = Release|Any CPU
		{8B611332-9D09-4D47-AB7F-DA1A4E2CDF24}.Ad-Hoc|Any CPU.ActiveCfg = AppStore|Any CPU
		{8B611332-9D09-4D47-AB7F-DA1A4E2CDF24}.Ad-Hoc|Any CPU.Build.0 = AppStore|Any CPU
		{8B611332-9D09-4D47-AB7F-DA1A4E2CDF24}.Ad-Hoc|ARM.ActiveCfg = AppStore|Any CPU
		{8B611332-9D09-4D47-AB7F-DA1A4E2CDF24}.Ad-Hoc|ARM.Build.0 = AppStore|Any CPU
		{8B611332-9D09-4D47-AB7F-DA1A4E2CDF24}.Ad-Hoc|iPhone.ActiveCfg = AppStore|Any CPU
		{8B611332-9D09-4D47-AB7F-DA1A4E2CDF24}.Ad-Hoc|iPhone.Build.0 = AppStore|Any CPU
		{8B611332-9D09-4D47-AB7F-DA1A4E2CDF24}.Ad-Hoc|iPhoneSimulator.ActiveCfg = AppStore|Any CPU
		{8B611332-9D09-4D47-AB7F-DA1A4E2CDF24}.Ad-Hoc|iPhoneSimulator.Build.0 = AppStore|Any CPU
		{8B611332-9D09-4D47-AB7F-DA1A4E2CDF24}.Ad-Hoc|x64.ActiveCfg = AppStore|Any CPU
		{8B611332-9D09-4D47-AB7F-DA1A4E2CDF24}.Ad-Hoc|x64.Build.0 = AppStore|Any CPU
		{8B611332-9D09-4D47-AB7F-DA1A4E2CDF24}.Ad-Hoc|x86.ActiveCfg = AppStore|Any CPU
		{8B611332-9D09-4D47-AB7F-DA1A4E2CDF24}.Ad-Hoc|x86.Build.0 = AppStore|Any CPU
		{8B611332-9D09-4D47-AB7F-DA1A4E2CDF24}.AppStore|Any CPU.ActiveCfg = AppStore|Any CPU
		{8B611332-9D09-4D47-AB7F-DA1A4E2CDF24}.AppStore|Any CPU.Build.0 = AppStore|Any CPU
		{8B611332-9D09-4D47-AB7F-DA1A4E2CDF24}.AppStore|ARM.ActiveCfg = AppStore|Any CPU
		{8B611332-9D09-4D47-AB7F-DA1A4E2CDF24}.AppStore|ARM.Build.0 = AppStore|Any CPU
		{8B611332-9D09-4D47-AB7F-DA1A4E2CDF24}.AppStore|iPhone.ActiveCfg = AppStore|Any CPU
		{8B611332-9D09-4D47-AB7F-DA1A4E2CDF24}.AppStore|iPhone.Build.0 = AppStore|Any CPU
		{8B611332-9D09-4D47-AB7F-DA1A4E2CDF24}.AppStore|iPhoneSimulator.ActiveCfg = AppStore|Any CPU
		{8B611332-9D09-4D47-AB7F-DA1A4E2CDF24}.AppStore|iPhoneSimulator.Build.0 = AppStore|Any CPU
		{8B611332-9D09-4D47-AB7F-DA1A4E2CDF24}.AppStore|x64.ActiveCfg = AppStore|Any CPU
		{8B611332-9D09-4D47-AB7F-DA1A4E2CDF24}.AppStore|x64.Build.0 = AppStore|Any CPU
		{8B611332-9D09-4D47-AB7F-DA1A4E2CDF24}.AppStore|x86.ActiveCfg = AppStore|Any CPU
		{8B611332-9D09-4D47-AB7F-DA1A4E2CDF24}.AppStore|x86.Build.0 = AppStore|Any CPU
		{8B611332-9D09-4D47-AB7F-DA1A4E2CDF24}.Debug|Any CPU.ActiveCfg = Debug|Any CPU
		{8B611332-9D09-4D47-AB7F-DA1A4E2CDF24}.Debug|Any CPU.Build.0 = Debug|Any CPU
		{8B611332-9D09-4D47-AB7F-DA1A4E2CDF24}.Debug|ARM.ActiveCfg = Debug|Any CPU
		{8B611332-9D09-4D47-AB7F-DA1A4E2CDF24}.Debug|ARM.Build.0 = Debug|Any CPU
		{8B611332-9D09-4D47-AB7F-DA1A4E2CDF24}.Debug|iPhone.ActiveCfg = Debug|Any CPU
		{8B611332-9D09-4D47-AB7F-DA1A4E2CDF24}.Debug|iPhone.Build.0 = Debug|Any CPU
		{8B611332-9D09-4D47-AB7F-DA1A4E2CDF24}.Debug|iPhoneSimulator.ActiveCfg = Debug|Any CPU
		{8B611332-9D09-4D47-AB7F-DA1A4E2CDF24}.Debug|iPhoneSimulator.Build.0 = Debug|Any CPU
		{8B611332-9D09-4D47-AB7F-DA1A4E2CDF24}.Debug|x64.ActiveCfg = Debug|Any CPU
		{8B611332-9D09-4D47-AB7F-DA1A4E2CDF24}.Debug|x64.Build.0 = Debug|Any CPU
		{8B611332-9D09-4D47-AB7F-DA1A4E2CDF24}.Debug|x86.ActiveCfg = Debug|Any CPU
		{8B611332-9D09-4D47-AB7F-DA1A4E2CDF24}.Debug|x86.Build.0 = Debug|Any CPU
		{8B611332-9D09-4D47-AB7F-DA1A4E2CDF24}.Release|Any CPU.ActiveCfg = Release|Any CPU
		{8B611332-9D09-4D47-AB7F-DA1A4E2CDF24}.Release|Any CPU.Build.0 = Release|Any CPU
		{8B611332-9D09-4D47-AB7F-DA1A4E2CDF24}.Release|ARM.ActiveCfg = Release|Any CPU
		{8B611332-9D09-4D47-AB7F-DA1A4E2CDF24}.Release|ARM.Build.0 = Release|Any CPU
		{8B611332-9D09-4D47-AB7F-DA1A4E2CDF24}.Release|iPhone.ActiveCfg = Release|Any CPU
		{8B611332-9D09-4D47-AB7F-DA1A4E2CDF24}.Release|iPhone.Build.0 = Release|Any CPU
		{8B611332-9D09-4D47-AB7F-DA1A4E2CDF24}.Release|iPhoneSimulator.ActiveCfg = Release|Any CPU
		{8B611332-9D09-4D47-AB7F-DA1A4E2CDF24}.Release|iPhoneSimulator.Build.0 = Release|Any CPU
		{8B611332-9D09-4D47-AB7F-DA1A4E2CDF24}.Release|x64.ActiveCfg = Release|Any CPU
		{8B611332-9D09-4D47-AB7F-DA1A4E2CDF24}.Release|x64.Build.0 = Release|Any CPU
		{8B611332-9D09-4D47-AB7F-DA1A4E2CDF24}.Release|x86.ActiveCfg = Release|Any CPU
		{8B611332-9D09-4D47-AB7F-DA1A4E2CDF24}.Release|x86.Build.0 = Release|Any CPU
	EndGlobalSection
	GlobalSection(SolutionProperties) = preSolution
		HideSolutionNode = FALSE
	EndGlobalSection
EndGlobal
